
Microsoft Visual Studio Solution File, Format Version 12.00
# Visual Studio Version 17
VisualStudioVersion = 17.0.31919.166
MinimumVisualStudioVersion = 10.0.40219.1
Project("{8BC9CEB8-8B4A-11D0-8D11-00A0C91BC942}") = "ConsoleApplication9", "ConsoleApplication9\ConsoleApplication9.vcxproj", "{04EE4811-B506-4176-8CBF-344233D52ADD}"
EndProject
Project("{8BC9CEB8-8B4A-11D0-8D11-00A0C91BC942}") = "EX2", "EX2\EX2.vcxproj", "{92295845-5162-4E31-AD7D-E2EDDE292298}"
EndProject
Global
	GlobalSection(SolutionConfigurationPlatforms) = preSolution
		Debug|x64 = Debug|x64
		Debug|x86 = Debug|x86
		Release|x64 = Release|x64
		Release|x86 = Release|x86
	EndGlobalSection
	GlobalSection(ProjectConfigurationPlatforms) = postSolution
		{04EE4811-B506-4176-8CBF-344233D52ADD}.Debug|x64.ActiveCfg = Debug|x64
		{04EE4811-B506-4176-8CBF-344233D52ADD}.Debug|x64.Build.0 = Debug|x64
		{04EE4811-B506-4176-8CBF-344233D52ADD}.Debug|x86.ActiveCfg = Debug|Win32
		{04EE4811-B506-4176-8CBF-344233D52ADD}.Debug|x86.Build.0 = Debug|Win32
		{04EE4811-B506-4176-8CBF-344233D52ADD}.Release|x64.ActiveCfg = Release|x64
		{04EE4811-B506-4176-8CBF-344233D52ADD}.Release|x64.Build.0 = Release|x64
		{04EE4811-B506-4176-8CBF-344233D52ADD}.Release|x86.ActiveCfg = Release|Win32
		{04EE4811-B506-4176-8CBF-344233D52ADD}.Release|x86.Build.0 = Release|Win32
		{92295845-5162-4E31-AD7D-E2EDDE292298}.Debug|x64.ActiveCfg = Debug|x64
		{92295845-5162-4E31-AD7D-E2EDDE292298}.Debug|x64.Build.0 = Debug|x64
		{92295845-5162-4E31-AD7D-E2EDDE292298}.Debug|x86.ActiveCfg = Debug|Win32
		{92295845-5162-4E31-AD7D-E2EDDE292298}.Debug|x86.Build.0 = Debug|Win32
		{92295845-5162-4E31-AD7D-E2EDDE292298}.Release|x64.ActiveCfg = Release|x64
		{92295845-5162-4E31-AD7D-E2EDDE292298}.Release|x64.Build.0 = Release|x64
		{92295845-5162-4E31-AD7D-E2EDDE292298}.Release|x86.ActiveCfg = Release|Win32
		{92295845-5162-4E31-AD7D-E2EDDE292298}.Release|x86.Build.0 = Release|Win32
	EndGlobalSection
	GlobalSection(SolutionProperties) = preSolution
		HideSolutionNode = FALSE
	EndGlobalSection
	GlobalSection(ExtensibilityGlobals) = postSolution
		SolutionGuid = {10D913AE-4F74-4CFF-B022-7DEC946BF057}
	EndGlobalSection
EndGlobal
